
Microsoft Visual Studio Solution File, Format Version 12.00
# Visual Studio Version 17
VisualStudioVersion = 17.14.37216.2
MinimumVisualStudioVersion = 10.0.40219.1
Project("{FAE04EC0-301F-11D3-BF4B-00C04F79EFBC}") = "YG.Monitoring", "YG.Monitoring\YG.Monitoring.csproj", "{3AB892E7-080A-4DFA-B0A9-01011BE3798D}"
EndProject
Global
	GlobalSection(SolutionConfigurationPlatforms) = preSolution
		Debug|Any CPU = Debug|Any CPU
		Release|Any CPU = Release|Any CPU
	EndGlobalSection
	GlobalSection(ProjectConfigurationPlatforms) = postSolution
		{3AB892E7-080A-4DFA-B0A9-01011BE3798D}.Debug|Any CPU.ActiveCfg = Debug|Any CPU
		{3AB892E7-080A-4DFA-B0A9-01011BE3798D}.Debug|Any CPU.Build.0 = Debug|Any CPU
		{3AB892E7-080A-4DFA-B0A9-01011BE3798D}.Release|Any CPU.ActiveCfg = Release|Any CPU
		{3AB892E7-080A-4DFA-B0A9-01011BE3798D}.Release|Any CPU.Build.0 = Release|Any CPU
	EndGlobalSection
	GlobalSection(SolutionProperties) = preSolution
		HideSolutionNode = FALSE
	EndGlobalSection
	GlobalSection(ExtensibilityGlobals) = postSolution
		SolutionGuid = {462C3394-AEDC-4888-8069-CA54EFAD8388}
	EndGlobalSection
EndGlobal
